
Microsoft Visual Studio Solution File, Format Version 12.00
# Visual Studio Version 16
VisualStudioVersion = 16.0.30128.74
MinimumVisualStudioVersion = 10.0.40219.1
Project("{9A19103F-16F7-4668-BE54-9A1E7A4F7556}") = "Server", "Server\Server.csproj", "{32570D3F-1F16-4CDA-B911-35B08493D497}"
EndProject
Project("{9A19103F-16F7-4668-BE54-9A1E7A4F7556}") = "Models", "Models\Models.csproj", "{C8532000-62C7-4627-8150-6297A28AF7DB}"
EndProject
Project("{9A19103F-16F7-4668-BE54-9A1E7A4F7556}") = "Forms", "Forms\Forms.csproj", "{CBA60242-B653-4171-AF59-D8AF3C3B6171}"
EndProject
Project("{FAE04EC0-301F-11D3-BF4B-00C04F79EFBC}") = "Utils", "Utils\Utils.csproj", "{7F163C84-6177-4658-A440-AB605E2B0B7B}"
EndProject
Global
	GlobalSection(SolutionConfigurationPlatforms) = preSolution
		Debug|Any CPU = Debug|Any CPU
		Release|Any CPU = Release|Any CPU
	EndGlobalSection
	GlobalSection(ProjectConfigurationPlatforms) = postSolution
		{32570D3F-1F16-4CDA-B911-35B08493D497}.Debug|Any CPU.ActiveCfg = Debug|Any CPU
		{32570D3F-1F16-4CDA-B911-35B08493D497}.Debug|Any CPU.Build.0 = Debug|Any CPU
		{32570D3F-1F16-4CDA-B911-35B08493D497}.Release|Any CPU.ActiveCfg = Release|Any CPU
		{32570D3F-1F16-4CDA-B911-35B08493D497}.Release|Any CPU.Build.0 = Release|Any CPU
		{C8532000-62C7-4627-8150-6297A28AF7DB}.Debug|Any CPU.ActiveCfg = Debug|Any CPU
		{C8532000-62C7-4627-8150-6297A28AF7DB}.Debug|Any CPU.Build.0 = Debug|Any CPU
		{C8532000-62C7-4627-8150-6297A28AF7DB}.Release|Any CPU.ActiveCfg = Release|Any CPU
		{C8532000-62C7-4627-8150-6297A28AF7DB}.Release|Any CPU.Build.0 = Release|Any CPU
		{CBA60242-B653-4171-AF59-D8AF3C3B6171}.Debug|Any CPU.ActiveCfg = Debug|Any CPU
		{CBA60242-B653-4171-AF59-D8AF3C3B6171}.Debug|Any CPU.Build.0 = Debug|Any CPU
		{CBA60242-B653-4171-AF59-D8AF3C3B6171}.Release|Any CPU.ActiveCfg = Release|Any CPU
		{CBA60242-B653-4171-AF59-D8AF3C3B6171}.Release|Any CPU.Build.0 = Release|Any CPU
		{7F163C84-6177-4658-A440-AB605E2B0B7B}.Debug|Any CPU.ActiveCfg = Debug|Any CPU
		{7F163C84-6177-4658-A440-AB605E2B0B7B}.Debug|Any CPU.Build.0 = Debug|Any CPU
		{7F163C84-6177-4658-A440-AB605E2B0B7B}.Release|Any CPU.ActiveCfg = Release|Any CPU
		{7F163C84-6177-4658-A440-AB605E2B0B7B}.Release|Any CPU.Build.0 = Release|Any CPU
	EndGlobalSection
	GlobalSection(SolutionProperties) = preSolution
		HideSolutionNode = FALSE
	EndGlobalSection
	GlobalSection(ExtensibilityGlobals) = postSolution
		SolutionGuid = {B43F41E1-70A8-4D30-801F-5A5F41948399}
	EndGlobalSection
EndGlobal
